
Microsoft Visual Studio Solution File, Format Version 12.00
Project("{2150E333-8FDC-42A3-9474-1A3956D46DE8}") = "src", "src", "{3BBD33CF-2592-441E-9B53-3A135A600170}"
EndProject
Project("{2150E333-8FDC-42A3-9474-1A3956D46DE8}") = "tests", "tests", "{74A7082F-0444-4DFC-90B2-DCAA850B26B7}"
EndProject
Project("{2150E333-8FDC-42A3-9474-1A3956D46DE8}") = "Backend", "Backend", "{7FDC6B44-8ECA-4C25-866F-9627367DE9BB}"
EndProject
Project("{2150E333-8FDC-42A3-9474-1A3956D46DE8}") = "Shared", "Shared", "{B19223C8-4F34-41C9-B7ED-C82F64BFF03A}"
EndProject
Project("{FAE04EC0-301F-11D3-BF4B-00C04F79EFBC}") = "API", "src\Backend\API\API.csproj", "{7335F760-C7BB-42F8-94EF-30D6B1EB5A43}"
EndProject
Project("{FAE04EC0-301F-11D3-BF4B-00C04F79EFBC}") = "Application", "src\Backend\Application\Application.csproj", "{643E3EE0-9342-44BD-B535-2945B61784F1}"
EndProject
Project("{FAE04EC0-301F-11D3-BF4B-00C04F79EFBC}") = "Domain", "src\Backend\Domain\Domain.csproj", "{2D54E4E5-32BD-45FE-ACD0-8BB476CC8818}"
EndProject
Project("{FAE04EC0-301F-11D3-BF4B-00C04F79EFBC}") = "Infra", "src\Backend\Infra\Infra.csproj", "{1E754393-9871-4801-8EE7-8D92F7EBD060}"
EndProject
Project("{FAE04EC0-301F-11D3-BF4B-00C04F79EFBC}") = "Communication", "src\Shared\Communication\Communication.csproj", "{2F1EB9EB-45BF-4A1F-BEF7-9544B09A27F2}"
EndProject
Project("{FAE04EC0-301F-11D3-BF4B-00C04F79EFBC}") = "Exceptions", "src\Shared\Exceptions\Exceptions.csproj", "{E52126CF-5F93-4C0C-B562-19DEC8A4BBE3}"
EndProject
Global
	GlobalSection(SolutionConfigurationPlatforms) = preSolution
		Debug|Any CPU = Debug|Any CPU
		Release|Any CPU = Release|Any CPU
	EndGlobalSection
	GlobalSection(NestedProjects) = preSolution
		{7FDC6B44-8ECA-4C25-866F-9627367DE9BB} = {3BBD33CF-2592-441E-9B53-3A135A600170}
		{B19223C8-4F34-41C9-B7ED-C82F64BFF03A} = {3BBD33CF-2592-441E-9B53-3A135A600170}
		{7335F760-C7BB-42F8-94EF-30D6B1EB5A43} = {7FDC6B44-8ECA-4C25-866F-9627367DE9BB}
		{643E3EE0-9342-44BD-B535-2945B61784F1} = {7FDC6B44-8ECA-4C25-866F-9627367DE9BB}
		{2D54E4E5-32BD-45FE-ACD0-8BB476CC8818} = {7FDC6B44-8ECA-4C25-866F-9627367DE9BB}
		{1E754393-9871-4801-8EE7-8D92F7EBD060} = {7FDC6B44-8ECA-4C25-866F-9627367DE9BB}
		{2F1EB9EB-45BF-4A1F-BEF7-9544B09A27F2} = {B19223C8-4F34-41C9-B7ED-C82F64BFF03A}
		{E52126CF-5F93-4C0C-B562-19DEC8A4BBE3} = {B19223C8-4F34-41C9-B7ED-C82F64BFF03A}
	EndGlobalSection
	GlobalSection(ProjectConfigurationPlatforms) = postSolution
		{7335F760-C7BB-42F8-94EF-30D6B1EB5A43}.Debug|Any CPU.ActiveCfg = Debug|Any CPU
		{7335F760-C7BB-42F8-94EF-30D6B1EB5A43}.Debug|Any CPU.Build.0 = Debug|Any CPU
		{7335F760-C7BB-42F8-94EF-30D6B1EB5A43}.Release|Any CPU.ActiveCfg = Release|Any CPU
		{7335F760-C7BB-42F8-94EF-30D6B1EB5A43}.Release|Any CPU.Build.0 = Release|Any CPU
		{643E3EE0-9342-44BD-B535-2945B61784F1}.Debug|Any CPU.ActiveCfg = Debug|Any CPU
		{643E3EE0-9342-44BD-B535-2945B61784F1}.Debug|Any CPU.Build.0 = Debug|Any CPU
		{643E3EE0-9342-44BD-B535-2945B61784F1}.Release|Any CPU.ActiveCfg = Release|Any CPU
		{643E3EE0-9342-44BD-B535-2945B61784F1}.Release|Any CPU.Build.0 = Release|Any CPU
		{2D54E4E5-32BD-45FE-ACD0-8BB476CC8818}.Debug|Any CPU.ActiveCfg = Debug|Any CPU
		{2D54E4E5-32BD-45FE-ACD0-8BB476CC8818}.Debug|Any CPU.Build.0 = Debug|Any CPU
		{2D54E4E5-32BD-45FE-ACD0-8BB476CC8818}.Release|Any CPU.ActiveCfg = Release|Any CPU
		{2D54E4E5-32BD-45FE-ACD0-8BB476CC8818}.Release|Any CPU.Build.0 = Release|Any CPU
		{1E754393-9871-4801-8EE7-8D92F7EBD060}.Debug|Any CPU.ActiveCfg = Debug|Any CPU
		{1E754393-9871-4801-8EE7-8D92F7EBD060}.Debug|Any CPU.Build.0 = Debug|Any CPU
		{1E754393-9871-4801-8EE7-8D92F7EBD060}.Release|Any CPU.ActiveCfg = Release|Any CPU
		{1E754393-9871-4801-8EE7-8D92F7EBD060}.Release|Any CPU.Build.0 = Release|Any CPU
		{2F1EB9EB-45BF-4A1F-BEF7-9544B09A27F2}.Debug|Any CPU.ActiveCfg = Debug|Any CPU
		{2F1EB9EB-45BF-4A1F-BEF7-9544B09A27F2}.Debug|Any CPU.Build.0 = Debug|Any CPU
		{2F1EB9EB-45BF-4A1F-BEF7-9544B09A27F2}.Release|Any CPU.ActiveCfg = Release|Any CPU
		{2F1EB9EB-45BF-4A1F-BEF7-9544B09A27F2}.Release|Any CPU.Build.0 = Release|Any CPU
		{E52126CF-5F93-4C0C-B562-19DEC8A4BBE3}.Debug|Any CPU.ActiveCfg = Debug|Any CPU
		{E52126CF-5F93-4C0C-B562-19DEC8A4BBE3}.Debug|Any CPU.Build.0 = Debug|Any CPU
		{E52126CF-5F93-4C0C-B562-19DEC8A4BBE3}.Release|Any CPU.ActiveCfg = Release|Any CPU
		{E52126CF-5F93-4C0C-B562-19DEC8A4BBE3}.Release|Any CPU.Build.0 = Release|Any CPU
	EndGlobalSection
EndGlobal
